
Microsoft Visual Studio Solution File, Format Version 12.00
# Visual Studio 15
VisualStudioVersion = 15.0.27703.2042
MinimumVisualStudioVersion = 10.0.40219.1
Project("{FAE04EC0-301F-11D3-BF4B-00C04F79EFBC}") = "EmpowermentApp.Android", "WeatherApp\WeatherApp.Android\EmpowermentApp.Android.csproj", "{1ACFCC94-A0F5-409E-A5C3-169D99FC423C}"
EndProject
Project("{FAE04EC0-301F-11D3-BF4B-00C04F79EFBC}") = "EmpowermentApp.iOS", "WeatherApp\WeatherApp.iOS\EmpowermentApp.iOS.csproj", "{07660733-73AA-458A-BD33-1A702AC5208C}"
EndProject
Project("{9A19103F-16F7-4668-BE54-9A1E7A4F7556}") = "EmpowermentApp", "WeatherApp\WeatherApp\EmpowermentApp.csproj", "{85E4DD86-5598-44E6-AC41-247221559D90}"
EndProject
Global
	GlobalSection(SolutionConfigurationPlatforms) = preSolution
		Ad-Hoc|Any CPU = Ad-Hoc|Any CPU
		Ad-Hoc|iPhone = Ad-Hoc|iPhone
		Ad-Hoc|iPhoneSimulator = Ad-Hoc|iPhoneSimulator
		AppStore|Any CPU = AppStore|Any CPU
		AppStore|iPhone = AppStore|iPhone
		AppStore|iPhoneSimulator = AppStore|iPhoneSimulator
		Debug|Any CPU = Debug|Any CPU
		Debug|iPhone = Debug|iPhone
		Debug|iPhoneSimulator = Debug|iPhoneSimulator
		Release|Any CPU = Release|Any CPU
		Release|iPhone = Release|iPhone
		Release|iPhoneSimulator = Release|iPhoneSimulator
	EndGlobalSection
	GlobalSection(ProjectConfigurationPlatforms) = postSolution
		{1ACFCC94-A0F5-409E-A5C3-169D99FC423C}.Ad-Hoc|Any CPU.ActiveCfg = Release|Any CPU
		{1ACFCC94-A0F5-409E-A5C3-169D99FC423C}.Ad-Hoc|Any CPU.Build.0 = Release|Any CPU
		{1ACFCC94-A0F5-409E-A5C3-169D99FC423C}.Ad-Hoc|Any CPU.Deploy.0 = Release|Any CPU
		{1ACFCC94-A0F5-409E-A5C3-169D99FC423C}.Ad-Hoc|iPhone.ActiveCfg = Release|Any CPU
		{1ACFCC94-A0F5-409E-A5C3-169D99FC423C}.Ad-Hoc|iPhone.Build.0 = Release|Any CPU
		{1ACFCC94-A0F5-409E-A5C3-169D99FC423C}.Ad-Hoc|iPhone.Deploy.0 = Release|Any CPU
		{1ACFCC94-A0F5-409E-A5C3-169D99FC423C}.Ad-Hoc|iPhoneSimulator.ActiveCfg = Release|Any CPU
		{1ACFCC94-A0F5-409E-A5C3-169D99FC423C}.Ad-Hoc|iPhoneSimulator.Build.0 = Release|Any CPU
		{1ACFCC94-A0F5-409E-A5C3-169D99FC423C}.Ad-Hoc|iPhoneSimulator.Deploy.0 = Release|Any CPU
		{1ACFCC94-A0F5-409E-A5C3-169D99FC423C}.AppStore|Any CPU.ActiveCfg = Release|Any CPU
		{1ACFCC94-A0F5-409E-A5C3-169D99FC423C}.AppStore|Any CPU.Build.0 = Release|Any CPU
		{1ACFCC94-A0F5-409E-A5C3-169D99FC423C}.AppStore|Any CPU.Deploy.0 = Release|Any CPU
		{1ACFCC94-A0F5-409E-A5C3-169D99FC423C}.AppStore|iPhone.ActiveCfg = Release|Any CPU
		{1ACFCC94-A0F5-409E-A5C3-169D99FC423C}.AppStore|iPhone.Build.0 = Release|Any CPU
		{1ACFCC94-A0F5-409E-A5C3-169D99FC423C}.AppStore|iPhone.Deploy.0 = Release|Any CPU
		{1ACFCC94-A0F5-409E-A5C3-169D99FC423C}.AppStore|iPhoneSimulator.ActiveCfg = Release|Any CPU
		{1ACFCC94-A0F5-409E-A5C3-169D99FC423C}.AppStore|iPhoneSimulator.Build.0 = Release|Any CPU
		{1ACFCC94-A0F5-409E-A5C3-169D99FC423C}.AppStore|iPhoneSimulator.Deploy.0 = Release|Any CPU
		{1ACFCC94-A0F5-409E-A5C3-169D99FC423C}.Debug|Any CPU.ActiveCfg = Debug|Any CPU
		{1ACFCC94-A0F5-409E-A5C3-169D99FC423C}.Debug|Any CPU.Build.0 = Debug|Any CPU
		{1ACFCC94-A0F5-409E-A5C3-169D99FC423C}.Debug|Any CPU.Deploy.0 = Debug|Any CPU
		{1ACFCC94-A0F5-409E-A5C3-169D99FC423C}.Debug|iPhone.ActiveCfg = Debug|Any CPU
		{1ACFCC94-A0F5-409E-A5C3-169D99FC423C}.Debug|iPhone.Build.0 = Debug|Any CPU
		{1ACFCC94-A0F5-409E-A5C3-169D99FC423C}.Debug|iPhone.Deploy.0 = Debug|Any CPU
		{1ACFCC94-A0F5-409E-A5C3-169D99FC423C}.Debug|iPhoneSimulator.ActiveCfg = Debug|Any CPU
		{1ACFCC94-A0F5-409E-A5C3-169D99FC423C}.Debug|iPhoneSimulator.Build.0 = Debug|Any CPU
		{1ACFCC94-A0F5-409E-A5C3-169D99FC423C}.Debug|iPhoneSimulator.Deploy.0 = Debug|Any CPU
		{1ACFCC94-A0F5-409E-A5C3-169D99FC423C}.Release|Any CPU.ActiveCfg = Release|Any CPU
		{1ACFCC94-A0F5-409E-A5C3-169D99FC423C}.Release|Any CPU.Build.0 = Release|Any CPU
		{1ACFCC94-A0F5-409E-A5C3-169D99FC423C}.Release|Any CPU.Deploy.0 = Release|Any CPU
		{1ACFCC94-A0F5-409E-A5C3-169D99FC423C}.Release|iPhone.ActiveCfg = Release|Any CPU
		{1ACFCC94-A0F5-409E-A5C3-169D99FC423C}.Release|iPhone.Build.0 = Release|Any CPU
		{1ACFCC94-A0F5-409E-A5C3-169D99FC423C}.Release|iPhone.Deploy.0 = Release|Any CPU
		{1ACFCC94-A0F5-409E-A5C3-169D99FC423C}.Release|iPhoneSimulator.ActiveCfg = Release|Any CPU
		{1ACFCC94-A0F5-409E-A5C3-169D99FC423C}.Release|iPhoneSimulator.Build.0 = Release|Any CPU
		{1ACFCC94-A0F5-409E-A5C3-169D99FC423C}.Release|iPhoneSimulator.Deploy.0 = Release|Any CPU
		{07660733-73AA-458A-BD33-1A702AC5208C}.Ad-Hoc|Any CPU.ActiveCfg = Ad-Hoc|iPhone
		{07660733-73AA-458A-BD33-1A702AC5208C}.Ad-Hoc|Any CPU.Build.0 = Ad-Hoc|iPhone
		{07660733-73AA-458A-BD33-1A702AC5208C}.Ad-Hoc|Any CPU.Deploy.0 = Ad-Hoc|iPhone
		{07660733-73AA-458A-BD33-1A702AC5208C}.Ad-Hoc|iPhone.ActiveCfg = Ad-Hoc|iPhone
		{07660733-73AA-458A-BD33-1A702AC5208C}.Ad-Hoc|iPhone.Build.0 = Ad-Hoc|iPhone
		{07660733-73AA-458A-BD33-1A702AC5208C}.Ad-Hoc|iPhone.Deploy.0 = Ad-Hoc|iPhone
		{07660733-73AA-458A-BD33-1A702AC5208C}.Ad-Hoc|iPhoneSimulator.ActiveCfg = Ad-Hoc|iPhoneSimulator
		{07660733-73AA-458A-BD33-1A702AC5208C}.Ad-Hoc|iPhoneSimulator.Build.0 = Ad-Hoc|iPhoneSimulator
		{07660733-73AA-458A-BD33-1A702AC5208C}.Ad-Hoc|iPhoneSimulator.Deploy.0 = Ad-Hoc|iPhoneSimulator
		{07660733-73AA-458A-BD33-1A702AC5208C}.AppStore|Any CPU.ActiveCfg = AppStore|iPhone
		{07660733-73AA-458A-BD33-1A702AC5208C}.AppStore|Any CPU.Build.0 = AppStore|iPhone
		{07660733-73AA-458A-BD33-1A702AC5208C}.AppStore|Any CPU.Deploy.0 = AppStore|iPhone
		{07660733-73AA-458A-BD33-1A702AC5208C}.AppStore|iPhone.ActiveCfg = AppStore|iPhone
		{07660733-73AA-458A-BD33-1A702AC5208C}.AppStore|iPhone.Build.0 = AppStore|iPhone
		{07660733-73AA-458A-BD33-1A702AC5208C}.AppStore|iPhone.Deploy.0 = AppStore|iPhone
		{07660733-73AA-458A-BD33-1A702AC5208C}.AppStore|iPhoneSimulator.ActiveCfg = AppStore|iPhoneSimulator
		{07660733-73AA-458A-BD33-1A702AC5208C}.AppStore|iPhoneSimulator.Build.0 = AppStore|iPhoneSimulator
		{07660733-73AA-458A-BD33-1A702AC5208C}.AppStore|iPhoneSimulator.Deploy.0 = AppStore|iPhoneSimulator
		{07660733-73AA-458A-BD33-1A702AC5208C}.Debug|Any CPU.ActiveCfg = Debug|iPhoneSimulator
		{07660733-73AA-458A-BD33-1A702AC5208C}.Debug|Any CPU.Build.0 = Debug|iPhoneSimulator
		{07660733-73AA-458A-BD33-1A702AC5208C}.Debug|Any CPU.Deploy.0 = Debug|iPhoneSimulator
		{07660733-73AA-458A-BD33-1A702AC5208C}.Debug|iPhone.ActiveCfg = Debug|iPhone
		{07660733-73AA-458A-BD33-1A702AC5208C}.Debug|iPhone.Build.0 = Debug|iPhone
		{07660733-73AA-458A-BD33-1A702AC5208C}.Debug|iPhone.Deploy.0 = Debug|iPhone
		{07660733-73AA-458A-BD33-1A702AC5208C}.Debug|iPhoneSimulator.ActiveCfg = Debug|iPhoneSimulator
		{07660733-73AA-458A-BD33-1A702AC5208C}.Debug|iPhoneSimulator.Build.0 = Debug|iPhoneSimulator
		{07660733-73AA-458A-BD33-1A702AC5208C}.Debug|iPhoneSimulator.Deploy.0 = Debug|iPhoneSimulator
		{07660733-73AA-458A-BD33-1A702AC5208C}.Release|Any CPU.ActiveCfg = Release|iPhone
		{07660733-73AA-458A-BD33-1A702AC5208C}.Release|Any CPU.Build.0 = Release|iPhone
		{07660733-73AA-458A-BD33-1A702AC5208C}.Release|Any CPU.Deploy.0 = Release|iPhone
		{07660733-73AA-458A-BD33-1A702AC5208C}.Release|iPhone.ActiveCfg = Release|iPhone
		{07660733-73AA-458A-BD33-1A702AC5208C}.Release|iPhone.Build.0 = Release|iPhone
		{07660733-73AA-458A-BD33-1A702AC5208C}.Release|iPhone.Deploy.0 = Release|iPhone
		{07660733-73AA-458A-BD33-1A702AC5208C}.Release|iPhoneSimulator.ActiveCfg = Release|iPhoneSimulator
		{07660733-73AA-458A-BD33-1A702AC5208C}.Release|iPhoneSimulator.Build.0 = Release|iPhoneSimulator
		{07660733-73AA-458A-BD33-1A702AC5208C}.Release|iPhoneSimulator.Deploy.0 = Release|iPhoneSimulator
		{85E4DD86-5598-44E6-AC41-247221559D90}.Ad-Hoc|Any CPU.ActiveCfg = Debug|Any CPU
		{85E4DD86-5598-44E6-AC41-247221559D90}.Ad-Hoc|Any CPU.Build.0 = Debug|Any CPU
		{85E4DD86-5598-44E6-AC41-247221559D90}.Ad-Hoc|Any CPU.Deploy.0 = Debug|Any CPU
		{85E4DD86-5598-44E6-AC41-247221559D90}.Ad-Hoc|iPhone.ActiveCfg = Debug|Any CPU
		{85E4DD86-5598-44E6-AC41-247221559D90}.Ad-Hoc|iPhone.Build.0 = Debug|Any CPU
		{85E4DD86-5598-44E6-AC41-247221559D90}.Ad-Hoc|iPhone.Deploy.0 = Debug|Any CPU
		{85E4DD86-5598-44E6-AC41-247221559D90}.Ad-Hoc|iPhoneSimulator.ActiveCfg = Debug|Any CPU
		{85E4DD86-5598-44E6-AC41-247221559D90}.Ad-Hoc|iPhoneSimulator.Build.0 = Debug|Any CPU
		{85E4DD86-5598-44E6-AC41-247221559D90}.Ad-Hoc|iPhoneSimulator.Deploy.0 = Debug|Any CPU
		{85E4DD86-5598-44E6-AC41-247221559D90}.AppStore|Any CPU.ActiveCfg = Debug|Any CPU
		{85E4DD86-5598-44E6-AC41-247221559D90}.AppStore|Any CPU.Build.0 = Debug|Any CPU
		{85E4DD86-5598-44E6-AC41-247221559D90}.AppStore|Any CPU.Deploy.0 = Debug|Any CPU
		{85E4DD86-5598-44E6-AC41-247221559D90}.AppStore|iPhone.ActiveCfg = Debug|Any CPU
		{85E4DD86-5598-44E6-AC41-247221559D90}.AppStore|iPhone.Build.0 = Debug|Any CPU
		{85E4DD86-5598-44E6-AC41-247221559D90}.AppStore|iPhone.Deploy.0 = Debug|Any CPU
		{85E4DD86-5598-44E6-AC41-247221559D90}.AppStore|iPhoneSimulator.ActiveCfg = Debug|Any CPU
		{85E4DD86-5598-44E6-AC41-247221559D90}.AppStore|iPhoneSimulator.Build.0 = Debug|Any CPU
		{85E4DD86-5598-44E6-AC41-247221559D90}.AppStore|iPhoneSimulator.Deploy.0 = Debug|Any CPU
		{85E4DD86-5598-44E6-AC41-247221559D90}.Debug|Any CPU.ActiveCfg = Debug|Any CPU
		{85E4DD86-5598-44E6-AC41-247221559D90}.Debug|Any CPU.Build.0 = Debug|Any CPU
		{85E4DD86-5598-44E6-AC41-247221559D90}.Debug|Any CPU.Deploy.0 = Debug|Any CPU
		{85E4DD86-5598-44E6-AC41-247221559D90}.Debug|iPhone.ActiveCfg = Debug|Any CPU
		{85E4DD86-5598-44E6-AC41-247221559D90}.Debug|iPhone.Build.0 = Debug|Any CPU
		{85E4DD86-5598-44E6-AC41-247221559D90}.Debug|iPhone.Deploy.0 = Debug|Any CPU
		{85E4DD86-5598-44E6-AC41-247221559D90}.Debug|iPhoneSimulator.ActiveCfg = Debug|Any CPU
		{85E4DD86-5598-44E6-AC41-247221559D90}.Debug|iPhoneSimulator.Build.0 = Debug|Any CPU
		{85E4DD86-5598-44E6-AC41-247221559D90}.Debug|iPhoneSimulator.Deploy.0 = Debug|Any CPU
		{85E4DD86-5598-44E6-AC41-247221559D90}.Release|Any CPU.ActiveCfg = Release|Any CPU
		{85E4DD86-5598-44E6-AC41-247221559D90}.Release|Any CPU.Build.0 = Release|Any CPU
		{85E4DD86-5598-44E6-AC41-247221559D90}.Release|Any CPU.Deploy.0 = Release|Any CPU
		{85E4DD86-5598-44E6-AC41-247221559D90}.Release|iPhone.ActiveCfg = Release|Any CPU
		{85E4DD86-5598-44E6-AC41-247221559D90}.Release|iPhone.Build.0 = Release|Any CPU
		{85E4DD86-5598-44E6-AC41-247221559D90}.Release|iPhone.Deploy.0 = Release|Any CPU
		{85E4DD86-5598-44E6-AC41-247221559D90}.Release|iPhoneSimulator.ActiveCfg = Release|Any CPU
		{85E4DD86-5598-44E6-AC41-247221559D90}.Release|iPhoneSimulator.Build.0 = Release|Any CPU
		{85E4DD86-5598-44E6-AC41-247221559D90}.Release|iPhoneSimulator.Deploy.0 = Release|Any CPU
	EndGlobalSection
	GlobalSection(SolutionProperties) = preSolution
		HideSolutionNode = FALSE
	EndGlobalSection
	GlobalSection(ExtensibilityGlobals) = postSolution
		SolutionGuid = {67FF9E9D-5C77-4BE7-A640-B854337C1EF7}
	EndGlobalSection
EndGlobal
